
Microsoft Visual Studio Solution File, Format Version 12.00
# Visual Studio Version 17
VisualStudioVersion = 17.2.32519.379
MinimumVisualStudioVersion = 10.0.40219.1
Project("{FAE04EC0-301F-11D3-BF4B-00C04F79EFBC}") = "APOD", "APOD.csproj", "{322DB2D0-F586-427D-B5E7-E81FA54BD1EE}"
EndProject
Project("{C7167F0D-BC9F-4E6E-AFE1-012C56B48DB5}") = "APODWAP", "..\APODWAP\APODWAP.wapproj", "{F17044CC-8FD1-4465-8BF4-0D10835309F3}"
EndProject
Global
	GlobalSection(SolutionConfigurationPlatforms) = preSolution
		Debug|Any CPU = Debug|Any CPU
		Debug|ARM = Debug|ARM
		Debug|ARM64 = Debug|ARM64
		Debug|x64 = Debug|x64
		Debug|x86 = Debug|x86
		Release|Any CPU = Release|Any CPU
		Release|ARM = Release|ARM
		Release|ARM64 = Release|ARM64
		Release|x64 = Release|x64
		Release|x86 = Release|x86
	EndGlobalSection
	GlobalSection(ProjectConfigurationPlatforms) = postSolution
		{322DB2D0-F586-427D-B5E7-E81FA54BD1EE}.Debug|Any CPU.ActiveCfg = Debug|x64
		{322DB2D0-F586-427D-B5E7-E81FA54BD1EE}.Debug|Any CPU.Build.0 = Debug|x64
		{322DB2D0-F586-427D-B5E7-E81FA54BD1EE}.Debug|Any CPU.Deploy.0 = Debug|x64
		{322DB2D0-F586-427D-B5E7-E81FA54BD1EE}.Debug|ARM.ActiveCfg = Debug|ARM
		{322DB2D0-F586-427D-B5E7-E81FA54BD1EE}.Debug|ARM.Build.0 = Debug|ARM
		{322DB2D0-F586-427D-B5E7-E81FA54BD1EE}.Debug|ARM.Deploy.0 = Debug|ARM
		{322DB2D0-F586-427D-B5E7-E81FA54BD1EE}.Debug|ARM64.ActiveCfg = Debug|ARM64
		{322DB2D0-F586-427D-B5E7-E81FA54BD1EE}.Debug|ARM64.Build.0 = Debug|ARM64
		{322DB2D0-F586-427D-B5E7-E81FA54BD1EE}.Debug|ARM64.Deploy.0 = Debug|ARM64
		{322DB2D0-F586-427D-B5E7-E81FA54BD1EE}.Debug|x64.ActiveCfg = Debug|x64
		{322DB2D0-F586-427D-B5E7-E81FA54BD1EE}.Debug|x64.Build.0 = Debug|x64
		{322DB2D0-F586-427D-B5E7-E81FA54BD1EE}.Debug|x64.Deploy.0 = Debug|x64
		{322DB2D0-F586-427D-B5E7-E81FA54BD1EE}.Debug|x86.ActiveCfg = Debug|x86
		{322DB2D0-F586-427D-B5E7-E81FA54BD1EE}.Debug|x86.Build.0 = Debug|x86
		{322DB2D0-F586-427D-B5E7-E81FA54BD1EE}.Debug|x86.Deploy.0 = Debug|x86
		{322DB2D0-F586-427D-B5E7-E81FA54BD1EE}.Release|Any CPU.ActiveCfg = Release|x64
		{322DB2D0-F586-427D-B5E7-E81FA54BD1EE}.Release|Any CPU.Build.0 = Release|x64
		{322DB2D0-F586-427D-B5E7-E81FA54BD1EE}.Release|Any CPU.Deploy.0 = Release|x64
		{322DB2D0-F586-427D-B5E7-E81FA54BD1EE}.Release|ARM.ActiveCfg = Release|ARM
		{322DB2D0-F586-427D-B5E7-E81FA54BD1EE}.Release|ARM.Build.0 = Release|ARM
		{322DB2D0-F586-427D-B5E7-E81FA54BD1EE}.Release|ARM.Deploy.0 = Release|ARM
		{322DB2D0-F586-427D-B5E7-E81FA54BD1EE}.Release|ARM64.ActiveCfg = Release|ARM64
		{322DB2D0-F586-427D-B5E7-E81FA54BD1EE}.Release|ARM64.Build.0 = Release|ARM64
		{322DB2D0-F586-427D-B5E7-E81FA54BD1EE}.Release|ARM64.Deploy.0 = Release|ARM64
		{322DB2D0-F586-427D-B5E7-E81FA54BD1EE}.Release|x64.ActiveCfg = Release|x64
		{322DB2D0-F586-427D-B5E7-E81FA54BD1EE}.Release|x64.Build.0 = Release|x64
		{322DB2D0-F586-427D-B5E7-E81FA54BD1EE}.Release|x64.Deploy.0 = Release|x64
		{322DB2D0-F586-427D-B5E7-E81FA54BD1EE}.Release|x86.ActiveCfg = Release|x86
		{322DB2D0-F586-427D-B5E7-E81FA54BD1EE}.Release|x86.Build.0 = Release|x86
		{322DB2D0-F586-427D-B5E7-E81FA54BD1EE}.Release|x86.Deploy.0 = Release|x86
		{F17044CC-8FD1-4465-8BF4-0D10835309F3}.Debug|Any CPU.ActiveCfg = Debug|Any CPU
		{F17044CC-8FD1-4465-8BF4-0D10835309F3}.Debug|Any CPU.Build.0 = Debug|Any CPU
		{F17044CC-8FD1-4465-8BF4-0D10835309F3}.Debug|Any CPU.Deploy.0 = Debug|Any CPU
		{F17044CC-8FD1-4465-8BF4-0D10835309F3}.Debug|ARM.ActiveCfg = Debug|ARM
		{F17044CC-8FD1-4465-8BF4-0D10835309F3}.Debug|ARM.Build.0 = Debug|ARM
		{F17044CC-8FD1-4465-8BF4-0D10835309F3}.Debug|ARM.Deploy.0 = Debug|ARM
		{F17044CC-8FD1-4465-8BF4-0D10835309F3}.Debug|ARM64.ActiveCfg = Debug|ARM64
		{F17044CC-8FD1-4465-8BF4-0D10835309F3}.Debug|ARM64.Build.0 = Debug|ARM64
		{F17044CC-8FD1-4465-8BF4-0D10835309F3}.Debug|ARM64.Deploy.0 = Debug|ARM64
		{F17044CC-8FD1-4465-8BF4-0D10835309F3}.Debug|x64.ActiveCfg = Debug|x64
		{F17044CC-8FD1-4465-8BF4-0D10835309F3}.Debug|x64.Build.0 = Debug|x64
		{F17044CC-8FD1-4465-8BF4-0D10835309F3}.Debug|x64.Deploy.0 = Debug|x64
		{F17044CC-8FD1-4465-8BF4-0D10835309F3}.Debug|x86.ActiveCfg = Debug|x86
		{F17044CC-8FD1-4465-8BF4-0D10835309F3}.Debug|x86.Build.0 = Debug|x86
		{F17044CC-8FD1-4465-8BF4-0D10835309F3}.Debug|x86.Deploy.0 = Debug|x86
		{F17044CC-8FD1-4465-8BF4-0D10835309F3}.Release|Any CPU.ActiveCfg = Release|Any CPU
		{F17044CC-8FD1-4465-8BF4-0D10835309F3}.Release|Any CPU.Build.0 = Release|Any CPU
		{F17044CC-8FD1-4465-8BF4-0D10835309F3}.Release|Any CPU.Deploy.0 = Release|Any CPU
		{F17044CC-8FD1-4465-8BF4-0D10835309F3}.Release|ARM.ActiveCfg = Release|ARM
		{F17044CC-8FD1-4465-8BF4-0D10835309F3}.Release|ARM.Build.0 = Release|ARM
		{F17044CC-8FD1-4465-8BF4-0D10835309F3}.Release|ARM.Deploy.0 = Release|ARM
		{F17044CC-8FD1-4465-8BF4-0D10835309F3}.Release|ARM64.ActiveCfg = Release|ARM64
		{F17044CC-8FD1-4465-8BF4-0D10835309F3}.Release|ARM64.Build.0 = Release|ARM64
		{F17044CC-8FD1-4465-8BF4-0D10835309F3}.Release|ARM64.Deploy.0 = Release|ARM64
		{F17044CC-8FD1-4465-8BF4-0D10835309F3}.Release|x64.ActiveCfg = Release|x64
		{F17044CC-8FD1-4465-8BF4-0D10835309F3}.Release|x86.ActiveCfg = Release|x86
		{F17044CC-8FD1-4465-8BF4-0D10835309F3}.Release|x86.Build.0 = Release|x86
		{F17044CC-8FD1-4465-8BF4-0D10835309F3}.Release|x86.Deploy.0 = Release|x86
	EndGlobalSection
	GlobalSection(SolutionProperties) = preSolution
		HideSolutionNode = FALSE
	EndGlobalSection
	GlobalSection(ExtensibilityGlobals) = postSolution
		SolutionGuid = {376DE89F-5869-4369-94D9-077C6861DECE}
	EndGlobalSection
EndGlobal
